
Microsoft Visual Studio Solution File, Format Version 12.00
# Visual Studio Version 16
VisualStudioVersion = 16.0.31911.196
MinimumVisualStudioVersion = 10.0.40219.1
Project("{FAE04EC0-301F-11D3-BF4B-00C04F79EFBC}") = "CarOpgave1", "CarOpgave1.csproj", "{224ACA47-C78D-43EB-A18D-C87B7E672729}"
EndProject
Project("{FAE04EC0-301F-11D3-BF4B-00C04F79EFBC}") = "CarOpgave1Tests", "..\CarOpgave1Tests\CarOpgave1Tests.csproj", "{F932ADE0-4FDE-43CF-840D-E76ECEEE0519}"
EndProject
Global
	GlobalSection(SolutionConfigurationPlatforms) = preSolution
		Debug|Any CPU = Debug|Any CPU
		Release|Any CPU = Release|Any CPU
	EndGlobalSection
	GlobalSection(ProjectConfigurationPlatforms) = postSolution
		{224ACA47-C78D-43EB-A18D-C87B7E672729}.Debug|Any CPU.ActiveCfg = Debug|Any CPU
		{224ACA47-C78D-43EB-A18D-C87B7E672729}.Debug|Any CPU.Build.0 = Debug|Any CPU
		{224ACA47-C78D-43EB-A18D-C87B7E672729}.Release|Any CPU.ActiveCfg = Release|Any CPU
		{224ACA47-C78D-43EB-A18D-C87B7E672729}.Release|Any CPU.Build.0 = Release|Any CPU
		{F932ADE0-4FDE-43CF-840D-E76ECEEE0519}.Debug|Any CPU.ActiveCfg = Debug|Any CPU
		{F932ADE0-4FDE-43CF-840D-E76ECEEE0519}.Debug|Any CPU.Build.0 = Debug|Any CPU
		{F932ADE0-4FDE-43CF-840D-E76ECEEE0519}.Release|Any CPU.ActiveCfg = Release|Any CPU
		{F932ADE0-4FDE-43CF-840D-E76ECEEE0519}.Release|Any CPU.Build.0 = Release|Any CPU
	EndGlobalSection
	GlobalSection(SolutionProperties) = preSolution
		HideSolutionNode = FALSE
	EndGlobalSection
	GlobalSection(ExtensibilityGlobals) = postSolution
		SolutionGuid = {10CE0ACA-F8F7-4679-A74E-8F8EF8E1A8C2}
	EndGlobalSection
EndGlobal
